
Microsoft Visual Studio Solution File, Format Version 12.00
# Visual Studio Version 17
VisualStudioVersion = 17.9.34902.65
MinimumVisualStudioVersion = 10.0.40219.1
Project("{FAE04EC0-301F-11D3-BF4B-00C04F79EFBC}") = "LockDemo", "LockDemo\LockDemo.csproj", "{B06A97EC-012C-41B1-909D-90EA283E76CC}"
EndProject
Project("{FAE04EC0-301F-11D3-BF4B-00C04F79EFBC}") = "LockDemo2", "LockDemo2\LockDemo2.csproj", "{57292382-DDE9-4151-8D28-36B2C5FD3B72}"
EndProject
Global
	GlobalSection(SolutionConfigurationPlatforms) = preSolution
		Debug|Any CPU = Debug|Any CPU
		Release|Any CPU = Release|Any CPU
	EndGlobalSection
	GlobalSection(ProjectConfigurationPlatforms) = postSolution
		{B06A97EC-012C-41B1-909D-90EA283E76CC}.Debug|Any CPU.ActiveCfg = Debug|Any CPU
		{B06A97EC-012C-41B1-909D-90EA283E76CC}.Debug|Any CPU.Build.0 = Debug|Any CPU
		{B06A97EC-012C-41B1-909D-90EA283E76CC}.Release|Any CPU.ActiveCfg = Release|Any CPU
		{B06A97EC-012C-41B1-909D-90EA283E76CC}.Release|Any CPU.Build.0 = Release|Any CPU
		{57292382-DDE9-4151-8D28-36B2C5FD3B72}.Debug|Any CPU.ActiveCfg = Debug|Any CPU
		{57292382-DDE9-4151-8D28-36B2C5FD3B72}.Debug|Any CPU.Build.0 = Debug|Any CPU
		{57292382-DDE9-4151-8D28-36B2C5FD3B72}.Release|Any CPU.ActiveCfg = Release|Any CPU
		{57292382-DDE9-4151-8D28-36B2C5FD3B72}.Release|Any CPU.Build.0 = Release|Any CPU
	EndGlobalSection
	GlobalSection(SolutionProperties) = preSolution
		HideSolutionNode = FALSE
	EndGlobalSection
	GlobalSection(ExtensibilityGlobals) = postSolution
		SolutionGuid = {9A5ED792-EC45-4150-A7FB-89FDB5096C87}
	EndGlobalSection
EndGlobal
